
Microsoft Visual Studio Solution File, Format Version 12.00
# Visual Studio Version 16
VisualStudioVersion = 16.0.29920.165
MinimumVisualStudioVersion = 10.0.40219.1
Project("{FAE04EC0-301F-11D3-BF4B-00C04F79EFBC}") = "RewardSounds", "RewardSounds\RewardSounds.csproj", "{D8300610-8CB8-4F60-A2E1-F96A3515A694}"
EndProject
Global
	GlobalSection(SolutionConfigurationPlatforms) = preSolution
		Debug|Any CPU = Debug|Any CPU
		Release|Any CPU = Release|Any CPU
	EndGlobalSection
	GlobalSection(ProjectConfigurationPlatforms) = postSolution
		{D8300610-8CB8-4F60-A2E1-F96A3515A694}.Debug|Any CPU.ActiveCfg = Debug|Any CPU
		{D8300610-8CB8-4F60-A2E1-F96A3515A694}.Debug|Any CPU.Build.0 = Debug|Any CPU
		{D8300610-8CB8-4F60-A2E1-F96A3515A694}.Release|Any CPU.ActiveCfg = Release|Any CPU
		{D8300610-8CB8-4F60-A2E1-F96A3515A694}.Release|Any CPU.Build.0 = Release|Any CPU
	EndGlobalSection
	GlobalSection(SolutionProperties) = preSolution
		HideSolutionNode = FALSE
	EndGlobalSection
	GlobalSection(ExtensibilityGlobals) = postSolution
		SolutionGuid = {229CDDEA-5ED9-4DE5-8BF3-53C444CEDB21}
	EndGlobalSection
EndGlobal
